// !$*UTF8*$!
{
	archiveVersion = 1;
	classes = {
	};
	objectVersion = 46;
	objects = {

/* Begin PBXBuildFile section */
		F10452421BB4155500D6C7A3 /* AppDelegate.swift in Sources */ = {isa = PBXBuildFile; fileRef = F10452411BB4155500D6C7A3 /* AppDelegate.swift */; };
		F10452441BB4155500D6C7A3 /* ExerciseViewController.swift in Sources */ = {isa = PBXBuildFile; fileRef = F10452431BB4155500D6C7A3 /* ExerciseViewController.swift */; };
		F10452471BB4155500D6C7A3 /* Main.storyboard in Resources */ = {isa = PBXBuildFile; fileRef = F10452451BB4155500D6C7A3 /* Main.storyboard */; };
		F10452491BB4155500D6C7A3 /* Assets.xcassets in Resources */ = {isa = PBXBuildFile; fileRef = F10452481BB4155500D6C7A3 /* Assets.xcassets */; };
		F104524C1BB4155500D6C7A3 /* LaunchScreen.storyboard in Resources */ = {isa = PBXBuildFile; fileRef = F104524A1BB4155500D6C7A3 /* LaunchScreen.storyboard */; };
		F10452541BB4446E00D6C7A3 /* 10003.mp4 in Resources */ = {isa = PBXBuildFile; fileRef = F10452531BB4160200D6C7A3 /* 10003.mp4 */; };
		F10452561BB44CC100D6C7A3 /* TMRCircleView.swift in Sources */ = {isa = PBXBuildFile; fileRef = F10452551BB44CC100D6C7A3 /* TMRCircleView.swift */; settings = {ASSET_TAGS = (); }; };
		F1B7A65E1BBF0132004B10C2 /* ExerciseViewModel.swift in Sources */ = {isa = PBXBuildFile; fileRef = F1B7A65D1BBF0132004B10C2 /* ExerciseViewModel.swift */; settings = {ASSET_TAGS = (); }; };
		F1B7A6621BC1418D004B10C2 /* TMRCircleTimerView.swift in Sources */ = {isa = PBXBuildFile; fileRef = F1B7A6611BC1418D004B10C2 /* TMRCircleTimerView.swift */; settings = {ASSET_TAGS = (); }; };
/* End PBXBuildFile section */

/* Begin PBXFileReference section */
		F104523E1BB4155500D6C7A3 /* ExerciseDemo.app */ = {isa = PBXFileReference; explicitFileType = wrapper.application; includeInIndex = 0; path = ExerciseDemo.app; sourceTree = BUILT_PRODUCTS_DIR; };
		F10452411BB4155500D6C7A3 /* AppDelegate.swift */ = {isa = PBXFileReference; lastKnownFileType = sourcecode.swift; path = AppDelegate.swift; sourceTree = "<group>"; };
		F10452431BB4155500D6C7A3 /* ExerciseViewController.swift */ = {isa = PBXFileReference; lastKnownFileType = sourcecode.swift; path = ExerciseViewController.swift; sourceTree = "<group>"; };
		F10452461BB4155500D6C7A3 /* Base */ = {isa = PBXFileReference; lastKnownFileType = file.storyboard; name = Base; path = Base.lproj/Main.storyboard; sourceTree = "<group>"; };
		F10452481BB4155500D6C7A3 /* Assets.xcassets */ = {isa = PBXFileReference; lastKnownFileType = folder.assetcatalog; path = Assets.xcassets; sourceTree = "<group>"; };
		F104524B1BB4155500D6C7A3 /* Base */ = {isa = PBXFileReference; lastKnownFileType = file.storyboard; name = Base; path = Base.lproj/LaunchScreen.storyboard; sourceTree = "<group>"; };
		F104524D1BB4155500D6C7A3 /* Info.plist */ = {isa = PBXFileReference; lastKnownFileType = text.plist.xml; path = Info.plist; sourceTree = "<group>"; };
		F10452531BB4160200D6C7A3 /* 10003.mp4 */ = {isa = PBXFileReference; lastKnownFileType = file; path = 10003.mp4; sourceTree = "<group>"; };
		F10452551BB44CC100D6C7A3 /* TMRCircleView.swift */ = {isa = PBXFileReference; fileEncoding = 4; lastKnownFileType = sourcecode.swift; path = TMRCircleView.swift; sourceTree = "<group>"; };
		F1B7A65D1BBF0132004B10C2 /* ExerciseViewModel.swift */ = {isa = PBXFileReference; fileEncoding = 4; lastKnownFileType = sourcecode.swift; path = ExerciseViewModel.swift; sourceTree = "<group>"; };
		F1B7A6611BC1418D004B10C2 /* TMRCircleTimerView.swift */ = {isa = PBXFileReference; fileEncoding = 4; lastKnownFileType = sourcecode.swift; path = TMRCircleTimerView.swift; sourceTree = "<group>"; };
/* End PBXFileReference section */

/* Begin PBXFrameworksBuildPhase section */
		F104523B1BB4155500D6C7A3 /* Frameworks */ = {
			isa = PBXFrameworksBuildPhase;
			buildActionMask = 2147483647;
			files = (
			);
			runOnlyForDeploymentPostprocessing = 0;
		};
/* End PBXFrameworksBuildPhase section */

/* Begin PBXGroup section */
		F10452351BB4155500D6C7A3 = {
			isa = PBXGroup;
			children = (
				F10452401BB4155500D6C7A3 /* ExerciseDemo */,
				F104523F1BB4155500D6C7A3 /* Products */,
			);
			sourceTree = "<group>";
		};
		F104523F1BB4155500D6C7A3 /* Products */ = {
			isa = PBXGroup;
			children = (
				F104523E1BB4155500D6C7A3 /* ExerciseDemo.app */,
			);
			name = Products;
			sourceTree = "<group>";
		};
		F10452401BB4155500D6C7A3 /* ExerciseDemo */ = {
			isa = PBXGroup;
			children = (
				F10452411BB4155500D6C7A3 /* AppDelegate.swift */,
				F1B7A65F1BBF013C004B10C2 /* Exercise */,
				F1B7A6601BC140BB004B10C2 /* TMRCircleTimerView */,
				F10452451BB4155500D6C7A3 /* Main.storyboard */,
				F10452531BB4160200D6C7A3 /* 10003.mp4 */,
				F10452481BB4155500D6C7A3 /* Assets.xcassets */,
				F104524A1BB4155500D6C7A3 /* LaunchScreen.storyboard */,
				F104524D1BB4155500D6C7A3 /* Info.plist */,
			);
			path = ExerciseDemo;
			sourceTree = "<group>";
		};
		F1B7A65F1BBF013C004B10C2 /* Exercise */ = {
			isa = PBXGroup;
			children = (
				F10452431BB4155500D6C7A3 /* ExerciseViewController.swift */,
				F1B7A65D1BBF0132004B10C2 /* ExerciseViewModel.swift */,
			);
			name = Exercise;
			sourceTree = "<group>";
		};
		F1B7A6601BC140BB004B10C2 /* TMRCircleTimerView */ = {
			isa = PBXGroup;
			children = (
				F10452551BB44CC100D6C7A3 /* TMRCircleView.swift */,
				F1B7A6611BC1418D004B10C2 /* TMRCircleTimerView.swift */,
			);
			name = TMRCircleTimerView;
			sourceTree = "<group>";
		};
/* End PBXGroup section */

/* Begin PBXNativeTarget section */
		F104523D1BB4155500D6C7A3 /* ExerciseDemo */ = {
			isa = PBXNativeTarget;
			buildConfigurationList = F10452501BB4155500D6C7A3 /* Build configuration list for PBXNativeTarget "ExerciseDemo" */;
			buildPhases = (
				F104523A1BB4155500D6C7A3 /* Sources */,
				F104523B1BB4155500D6C7A3 /* Frameworks */,
				F104523C1BB4155500D6C7A3 /* Resources */,
			);
			buildRules = (
			);
			dependencies = (
			);
			name = ExerciseDemo;
			productName = ExerciseDemo;
			productReference = F104523E1BB4155500D6C7A3 /* ExerciseDemo.app */;
			productType = "com.apple.product-type.application";
		};
/* End PBXNativeTarget section */

/* Begin PBXProject section */
		F10452361BB4155500D6C7A3 /* Project object */ = {
			isa = PBXProject;
			attributes = {
				LastUpgradeCheck = 0700;
				ORGANIZATIONNAME = tomerciucran;
				TargetAttributes = {
					F104523D1BB4155500D6C7A3 = {
						CreatedOnToolsVersion = 7.0;
					};
				};
			};
			buildConfigurationList = F10452391BB4155500D6C7A3 /* Build configuration list for PBXProject "ExerciseDemo" */;
			compatibilityVersion = "Xcode 3.2";
			developmentRegion = English;
			hasScannedForEncodings = 0;
			knownRegions = (
				en,
				Base,
			);
			mainGroup = F10452351BB4155500D6C7A3;
			productRefGroup = F104523F1BB4155500D6C7A3 /* Products */;
			projectDirPath = "";
			projectRoot = "";
			targets = (
				F104523D1BB4155500D6C7A3 /* ExerciseDemo */,
			);
		};
/* End PBXProject section */

/* Begin PBXResourcesBuildPhase section */
		F104523C1BB4155500D6C7A3 /* Resources */ = {
			isa = PBXResourcesBuildPhase;
			buildActionMask = 2147483647;
			files = (
				F10452541BB4446E00D6C7A3 /* 10003.mp4 in Resources */,
				F104524C1BB4155500D6C7A3 /* LaunchScreen.storyboard in Resources */,
				F10452491BB4155500D6C7A3 /* Assets.xcassets in Resources */,
				F10452471BB4155500D6C7A3 /* Main.storyboard in Resources */,
			);
			runOnlyForDeploymentPostprocessing = 0;
		};
/* End PBXResourcesBuildPhase section */

/* Begin PBXSourcesBuildPhase section */
		F104523A1BB4155500D6C7A3 /* Sources */ = {
			isa = PBXSourcesBuildPhase;
			buildActionMask = 2147483647;
			files = (
				F10452561BB44CC100D6C7A3 /* TMRCircleView.swift in Sources */,
				F1B7A65E1BBF0132004B10C2 /* ExerciseViewModel.swift in Sources */,
				F10452441BB4155500D6C7A3 /* ExerciseViewController.swift in Sources */,
				F10452421BB4155500D6C7A3 /* AppDelegate.swift in Sources */,
				F1B7A6621BC1418D004B10C2 /* TMRCircleTimerView.swift in Sources */,
			);
			runOnlyForDeploymentPostprocessing = 0;
		};
/* End PBXSourcesBuildPhase section */

/* Begin PBXVariantGroup section */
		F10452451BB4155500D6C7A3 /* Main.storyboard */ = {
			isa = PBXVariantGroup;
			children = (
				F10452461BB4155500D6C7A3 /* Base */,
			);
			name = Main.storyboard;
			sourceTree = "<group>";
		};
		F104524A1BB4155500D6C7A3 /* LaunchScreen.storyboard */ = {
			isa = PBXVariantGroup;
			children = (
				F104524B1BB4155500D6C7A3 /* Base */,
			);
			name = LaunchScreen.storyboard;
			sourceTree = "<group>";
		};
/* End PBXVariantGroup section */

/* Begin XCBuildConfiguration section */
		F104524E1BB4155500D6C7A3 /* Debug */ = {
			isa = XCBuildConfiguration;
			buildSettings = {
				ALWAYS_SEARCH_USER_PATHS = NO;
				CLANG_CXX_LANGUAGE_STANDARD = "gnu++0x";
				CLANG_CXX_LIBRARY = "libc++";
				CLANG_ENABLE_MODULES = YES;
				CLANG_ENABLE_OBJC_ARC = YES;
				CLANG_WARN_BOOL_CONVERSION = YES;
				CLANG_WARN_CONSTANT_CONVERSION = YES;
				CLANG_WARN_DIRECT_OBJC_ISA_USAGE = YES_ERROR;
				CLANG_WARN_EMPTY_BODY = YES;
				CLANG_WARN_ENUM_CONVERSION = YES;
				CLANG_WARN_INT_CONVERSION = YES;
				CLANG_WARN_OBJC_ROOT_CLASS = YES_ERROR;
				CLANG_WARN_UNREACHABLE_CODE = YES;
				CLANG_WARN__DUPLICATE_METHOD_MATCH = YES;
				"CODE_SIGN_IDENTITY[sdk=iphoneos*]" = "iPhone Developer";
				COPY_PHASE_STRIP = NO;
				DEBUG_INFORMATION_FORMAT = dwarf;
				ENABLE_STRICT_OBJC_MSGSEND = YES;
				ENABLE_TESTABILITY = YES;
				GCC_C_LANGUAGE_STANDARD = gnu99;
				GCC_DYNAMIC_NO_PIC = NO;
				GCC_NO_COMMON_BLOCKS = YES;
				GCC_OPTIMIZATION_LEVEL = 0;
				GCC_PREPROCESSOR_DEFINITIONS = (
					"DEBUG=1",
					"$(inherited)",
				);
				GCC_WARN_64_TO_32_BIT_CONVERSION = YES;
				GCC_WARN_ABOUT_RETURN_TYPE = YES_ERROR;
				GCC_WARN_UNDECLARED_SELECTOR = YES;
				GCC_WARN_UNINITIALIZED_AUTOS = YES_AGGRESSIVE;
				GCC_WARN_UNUSED_FUNCTION = YES;
				GCC_WARN_UNUSED_VARIABLE = YES;
				IPHONEOS_DEPLOYMENT_TARGET = 9.0;
				MTL_ENABLE_DEBUG_INFO = YES;
				ONLY_ACTIVE_ARCH = YES;
				SDKROOT = iphoneos;
				SWIFT_OPTIMIZATION_LEVEL = "-Onone";
			};
			name = Debug;
		};
		F104524F1BB4155500D6C7A3 /* Release */ = {
			isa = XCBuildConfiguration;
			buildSettings = {
				ALWAYS_SEARCH_USER_PATHS = NO;
				CLANG_CXX_LANGUAGE_STANDARD = "gnu++0x";
				CLANG_CXX_LIBRARY = "libc++";
				CLANG_ENABLE_MODULES = YES;
				CLANG_ENABLE_OBJC_ARC = YES;
				CLANG_WARN_BOOL_CONVERSION = YES;
				CLANG_WARN_CONSTANT_CONVERSION = YES;
				CLANG_WARN_DIRECT_OBJC_ISA_USAGE = YES_ERROR;
				CLANG_WARN_EMPTY_BODY = YES;
				CLANG_WARN_ENUM_CONVERSION = YES;
				CLANG_WARN_INT_CONVERSION = YES;
				CLANG_WARN_OBJC_ROOT_CLASS = YES_ERROR;
				CLANG_WARN_UNREACHABLE_CODE = YES;
				CLANG_WARN__DUPLICATE_METHOD_MATCH = YES;
				"CODE_SIGN_IDENTITY[sdk=iphoneos*]" = "iPhone Developer";
				COPY_PHASE_STRIP = NO;
				DEBUG_INFORMATION_FORMAT = "dwarf-with-dsym";
				ENABLE_NS_ASSERTIONS = NO;
				ENABLE_STRICT_OBJC_MSGSEND = YES;
				GCC_C_LANGUAGE_STANDARD = gnu99;
				GCC_NO_COMMON_BLOCKS = YES;
				GCC_WARN_64_TO_32_BIT_CONVERSION = YES;
				GCC_WARN_ABOUT_RETURN_TYPE = YES_ERROR;
				GCC_WARN_UNDECLARED_SELECTOR = YES;
				GCC_WARN_UNINITIALIZED_AUTOS = YES_AGGRESSIVE;
				GCC_WARN_UNUSED_FUNCTION = YES;
				GCC_WARN_UNUSED_VARIABLE = YES;
				IPHONEOS_DEPLOYMENT_TARGET = 9.0;
				MTL_ENABLE_DEBUG_INFO = NO;
				SDKROOT = iphoneos;
				VALIDATE_PRODUCT = YES;
			};
			name = Release;
		};
		F10452511BB4155500D6C7A3 /* Debug */ = {
			isa = XCBuildConfiguration;
			buildSettings = {
				ASSETCATALOG_COMPILER_APPICON_NAME = AppIcon;
				CODE_SIGN_IDENTITY = "iPhone Developer";
				INFOPLIST_FILE = ExerciseDemo/Info.plist;
				IPHONEOS_DEPLOYMENT_TARGET = 8.0;
				LD_RUNPATH_SEARCH_PATHS = "$(inherited) @executable_path/Frameworks";
				PRODUCT_BUNDLE_IDENTIFIER = com.tomerciucran.ExerciseDemo;
				PRODUCT_NAME = "$(TARGET_NAME)";
			};
			name = Debug;
		};
		F10452521BB4155500D6C7A3 /* Release */ = {
			isa = XCBuildConfiguration;
			buildSettings = {
				ASSETCATALOG_COMPILER_APPICON_NAME = AppIcon;
				CODE_SIGN_IDENTITY = "iPhone Developer";
				INFOPLIST_FILE = ExerciseDemo/Info.plist;
				IPHONEOS_DEPLOYMENT_TARGET = 8.0;
				LD_RUNPATH_SEARCH_PATHS = "$(inherited) @executable_path/Frameworks";
				PRODUCT_BUNDLE_IDENTIFIER = com.tomerciucran.ExerciseDemo;
				PRODUCT_NAME = "$(TARGET_NAME)";
			};
			name = Release;
		};
/* End XCBuildConfiguration section */

/* Begin XCConfigurationList section */
		F10452391BB4155500D6C7A3 /* Build configuration list for PBXProject "ExerciseDemo" */ = {
			isa = XCConfigurationList;
			buildConfigurations = (
				F104524E1BB4155500D6C7A3 /* Debug */,
				F104524F1BB4155500D6C7A3 /* Release */,
			);
			defaultConfigurationIsVisible = 0;
			defaultConfigurationName = Release;
		};
		F10452501BB4155500D6C7A3 /* Build configuration list for PBXNativeTarget "ExerciseDemo" */ = {
			isa = XCConfigurationList;
			buildConfigurations = (
				F10452511BB4155500D6C7A3 /* Debug */,
				F10452521BB4155500D6C7A3 /* Release */,
			);
			defaultConfigurationIsVisible = 0;
			defaultConfigurationName = Release;
		};
/* End XCConfigurationList section */
	};
	rootObject = F10452361BB4155500D6C7A3 /* Project object */;
}
